
Microsoft Visual Studio Solution File, Format Version 12.00
# Visual Studio Version 16
VisualStudioVersion = 16.0.30517.126
MinimumVisualStudioVersion = 10.0.40219.1
Project("{FAE04EC0-301F-11D3-BF4B-00C04F79EFBC}") = "ClassMetotDemo", "ClassMetotDemo\ClassMetotDemo.csproj", "{A2023A32-DA76-4E01-BA17-C33AB8D0912F}"
EndProject
Global
	GlobalSection(SolutionConfigurationPlatforms) = preSolution
		Debug|Any CPU = Debug|Any CPU
		Release|Any CPU = Release|Any CPU
	EndGlobalSection
	GlobalSection(ProjectConfigurationPlatforms) = postSolution
		{A2023A32-DA76-4E01-BA17-C33AB8D0912F}.Debug|Any CPU.ActiveCfg = Debug|Any CPU
		{A2023A32-DA76-4E01-BA17-C33AB8D0912F}.Debug|Any CPU.Build.0 = Debug|Any CPU
		{A2023A32-DA76-4E01-BA17-C33AB8D0912F}.Release|Any CPU.ActiveCfg = Release|Any CPU
		{A2023A32-DA76-4E01-BA17-C33AB8D0912F}.Release|Any CPU.Build.0 = Release|Any CPU
	EndGlobalSection
	GlobalSection(SolutionProperties) = preSolution
		HideSolutionNode = FALSE
	EndGlobalSection
	GlobalSection(ExtensibilityGlobals) = postSolution
		SolutionGuid = {DFAEEAF4-5BA9-4248-9C5D-D139DB6C4029}
	EndGlobalSection
EndGlobal
